
Microsoft Visual Studio Solution File, Format Version 12.00
# Visual Studio Version 17
VisualStudioVersion = 17.5.33402.96
MinimumVisualStudioVersion = 10.0.40219.1
Project("{2150E333-8FDC-42A3-9474-1A3956D46DE8}") = "StudentManagement", "StudentManagement", "{E9C974FC-A19E-47A0-AC33-2E2BE843A2B5}"
EndProject
Project("{2150E333-8FDC-42A3-9474-1A3956D46DE8}") = "TeacherManagement", "TeacherManagement", "{EF22EA6A-30E6-41E3-9F2F-4A85F3430995}"
EndProject
Project("{2150E333-8FDC-42A3-9474-1A3956D46DE8}") = "CourseManagement", "CourseManagement", "{833B75D7-EC7D-4F71-8394-DD27F823E6A8}"
EndProject
Project("{9A19103F-16F7-4668-BE54-9A1E7A4F7556}") = "ServiceHost", "ServiceHost\ServiceHost.csproj", "{50FE9359-AF2D-4225-94FA-BF0E2AB0296D}"
EndProject
Project("{9A19103F-16F7-4668-BE54-9A1E7A4F7556}") = "Student.UnitTests", "Student.UnitTests\Student.UnitTests.csproj", "{40FF9496-BC35-4C79-8A79-01BE3D1BC265}"
EndProject
Project("{9A19103F-16F7-4668-BE54-9A1E7A4F7556}") = "Student.Specs", "Student.Specs\Student.Specs.csproj", "{809C144C-C4E9-484A-AAD7-538CBF983059}"
EndProject
Project("{2150E333-8FDC-42A3-9474-1A3956D46DE8}") = "CM.Application", "CM.Application", "{A884E749-202C-4380-B4B2-8CA2A36331ED}"
EndProject
Project("{2150E333-8FDC-42A3-9474-1A3956D46DE8}") = "CM.Domain", "CM.Domain", "{0575D072-52E5-47E5-96B6-4DB2E69EFBE4}"
EndProject
Project("{2150E333-8FDC-42A3-9474-1A3956D46DE8}") = "CM.Infrasutructure", "CM.Infrasutructure", "{63BBE518-09CD-4C05-B633-353BCE2B9C6F}"
EndProject
Project("{2150E333-8FDC-42A3-9474-1A3956D46DE8}") = "SM.Application", "SM.Application", "{7733F33D-7843-48CB-938A-B0175B416522}"
EndProject
Project("{2150E333-8FDC-42A3-9474-1A3956D46DE8}") = "SM.Domain", "SM.Domain", "{AD98BF77-26F3-4652-99D1-A41C6B31C6F4}"
EndProject
Project("{2150E333-8FDC-42A3-9474-1A3956D46DE8}") = "SM.Infrasutructure", "SM.Infrasutructure", "{53D18D24-5633-4108-BC7F-DDA9803FE4CF}"
EndProject
Project("{2150E333-8FDC-42A3-9474-1A3956D46DE8}") = "TM.Application", "TM.Application", "{6130E378-7299-4CE3-89EA-0F74AA0C4920}"
EndProject
Project("{2150E333-8FDC-42A3-9474-1A3956D46DE8}") = "TM.Domain", "TM.Domain", "{BEBE231F-F517-4C9E-B9F0-512F4C794D0F}"
EndProject
Project("{2150E333-8FDC-42A3-9474-1A3956D46DE8}") = "TM.Infrasutructure", "TM.Infrasutructure", "{4FC841B7-B92C-4B6E-A1C8-60560F3169CC}"
EndProject
Project("{9A19103F-16F7-4668-BE54-9A1E7A4F7556}") = "CourseManagement.Application", "CourseManagement.Application\CourseManagement.Application.csproj", "{A441486B-C3E4-4411-8FBA-AE29E33AB6E8}"
EndProject
Project("{9A19103F-16F7-4668-BE54-9A1E7A4F7556}") = "CourseManagement.Application.Contracts", "CourseManagement.Application.Contracts\CourseManagement.Application.Contracts.csproj", "{2A4DFAA2-91CC-4CEE-B21C-1CB622627CC0}"
EndProject
Project("{9A19103F-16F7-4668-BE54-9A1E7A4F7556}") = "CourseManagement.Domain", "CourseManagement.Domain\CourseManagement.Domain.csproj", "{3E1E9A8E-F52C-455D-875F-7578423E5584}"
EndProject
Project("{9A19103F-16F7-4668-BE54-9A1E7A4F7556}") = "CourseManagement.Configurations", "CourseManagement.Configurations\CourseManagement.Configurations.csproj", "{1608496E-2E51-4231-B1D6-A0B4C1DBF5C3}"
EndProject
Project("{9A19103F-16F7-4668-BE54-9A1E7A4F7556}") = "CourseManagement.Infrastructure.EFCore", "CourseManagement.Infrastructure.EFCore\CourseManagement.Infrastructure.EFCore.csproj", "{15F06323-E2F4-4441-8B24-E35D6EFCF0FE}"
EndProject
Project("{9A19103F-16F7-4668-BE54-9A1E7A4F7556}") = "StudentManagement.Application", "StudentManagement.Application\StudentManagement.Application.csproj", "{82578008-471F-45C6-BC44-2E8C0BD82CEB}"
EndProject
Project("{9A19103F-16F7-4668-BE54-9A1E7A4F7556}") = "StudentManagement.Application.Contracts", "StudentManagement.Application.Contracts\StudentManagement.Application.Contracts.csproj", "{D84D21E5-079F-4209-BB73-BE9F31EEBD2B}"
EndProject
Project("{9A19103F-16F7-4668-BE54-9A1E7A4F7556}") = "StudentManagement.Domain", "StudentManagement.Domain\StudentManagement.Domain.csproj", "{F65EF4D2-8838-4120-B2F1-891F6F014B08}"
EndProject
Project("{9A19103F-16F7-4668-BE54-9A1E7A4F7556}") = "StudentManagement.Configurations", "StudentManagement.Configurations\StudentManagement.Configurations.csproj", "{D8FF26E9-D3F5-4883-AD08-9F912ED9CC4B}"
EndProject
Project("{9A19103F-16F7-4668-BE54-9A1E7A4F7556}") = "StudentManagement.Infrastructure.EFCore", "StudentManagement.Infrastructure.EFCore\StudentManagement.Infrastructure.EFCore.csproj", "{E88C6148-72CF-4E1E-8487-5A1B1E505847}"
EndProject
Project("{9A19103F-16F7-4668-BE54-9A1E7A4F7556}") = "TeacherManagement.Application", "TeacherManagement.Application\TeacherManagement.Application.csproj", "{4FAA30BF-0616-495A-8BF5-084537038C81}"
EndProject
Project("{9A19103F-16F7-4668-BE54-9A1E7A4F7556}") = "TeacherManagement.Application.Contracts", "TeacherManagement.Application.Contracts\TeacherManagement.Application.Contracts.csproj", "{615AED47-39B0-4CC3-B2CD-C3B844B486A3}"
EndProject
Project("{9A19103F-16F7-4668-BE54-9A1E7A4F7556}") = "TeacherManagement.Domain", "TeacherManagement.Domain\TeacherManagement.Domain.csproj", "{A780DFE7-AF13-42D6-AF5B-B99DFC911096}"
EndProject
Project("{9A19103F-16F7-4668-BE54-9A1E7A4F7556}") = "TeacherManagement.Configurations", "TeacherManagement.Configurations\TeacherManagement.Configurations.csproj", "{03EF7A64-DAF5-4540-AB10-3280FF800C14}"
EndProject
Project("{9A19103F-16F7-4668-BE54-9A1E7A4F7556}") = "TeacherManagement.Infrastructure.EFCore", "TeacherManagement.Infrastructure.EFCore\TeacherManagement.Infrastructure.EFCore.csproj", "{58AE8312-4947-4FEF-B378-A4CBA7270DDC}"
EndProject
Project("{FAE04EC0-301F-11D3-BF4B-00C04F79EFBC}") = "0_Framework", "0_Framework\0_Framework.csproj", "{877BC98A-0DF0-460D-8820-F9AF99B707F0}"
EndProject
Project("{FAE04EC0-301F-11D3-BF4B-00C04F79EFBC}") = "Student.Test.Tools", "Student.Test.Tools\Student.Test.Tools.csproj", "{143CFCF9-F185-4F56-B641-0686D3E5603E}"
EndProject
Global
	GlobalSection(SolutionConfigurationPlatforms) = preSolution
		Debug|Any CPU = Debug|Any CPU
		Release|Any CPU = Release|Any CPU
	EndGlobalSection
	GlobalSection(ProjectConfigurationPlatforms) = postSolution
		{50FE9359-AF2D-4225-94FA-BF0E2AB0296D}.Debug|Any CPU.ActiveCfg = Debug|Any CPU
		{50FE9359-AF2D-4225-94FA-BF0E2AB0296D}.Debug|Any CPU.Build.0 = Debug|Any CPU
		{50FE9359-AF2D-4225-94FA-BF0E2AB0296D}.Release|Any CPU.ActiveCfg = Release|Any CPU
		{50FE9359-AF2D-4225-94FA-BF0E2AB0296D}.Release|Any CPU.Build.0 = Release|Any CPU
		{40FF9496-BC35-4C79-8A79-01BE3D1BC265}.Debug|Any CPU.ActiveCfg = Debug|Any CPU
		{40FF9496-BC35-4C79-8A79-01BE3D1BC265}.Debug|Any CPU.Build.0 = Debug|Any CPU
		{40FF9496-BC35-4C79-8A79-01BE3D1BC265}.Release|Any CPU.ActiveCfg = Release|Any CPU
		{40FF9496-BC35-4C79-8A79-01BE3D1BC265}.Release|Any CPU.Build.0 = Release|Any CPU
		{809C144C-C4E9-484A-AAD7-538CBF983059}.Debug|Any CPU.ActiveCfg = Debug|Any CPU
		{809C144C-C4E9-484A-AAD7-538CBF983059}.Debug|Any CPU.Build.0 = Debug|Any CPU
		{809C144C-C4E9-484A-AAD7-538CBF983059}.Release|Any CPU.ActiveCfg = Release|Any CPU
		{809C144C-C4E9-484A-AAD7-538CBF983059}.Release|Any CPU.Build.0 = Release|Any CPU
		{A441486B-C3E4-4411-8FBA-AE29E33AB6E8}.Debug|Any CPU.ActiveCfg = Debug|Any CPU
		{A441486B-C3E4-4411-8FBA-AE29E33AB6E8}.Debug|Any CPU.Build.0 = Debug|Any CPU
		{A441486B-C3E4-4411-8FBA-AE29E33AB6E8}.Release|Any CPU.ActiveCfg = Release|Any CPU
		{A441486B-C3E4-4411-8FBA-AE29E33AB6E8}.Release|Any CPU.Build.0 = Release|Any CPU
		{2A4DFAA2-91CC-4CEE-B21C-1CB622627CC0}.Debug|Any CPU.ActiveCfg = Debug|Any CPU
		{2A4DFAA2-91CC-4CEE-B21C-1CB622627CC0}.Debug|Any CPU.Build.0 = Debug|Any CPU
		{2A4DFAA2-91CC-4CEE-B21C-1CB622627CC0}.Release|Any CPU.ActiveCfg = Release|Any CPU
		{2A4DFAA2-91CC-4CEE-B21C-1CB622627CC0}.Release|Any CPU.Build.0 = Release|Any CPU
		{3E1E9A8E-F52C-455D-875F-7578423E5584}.Debug|Any CPU.ActiveCfg = Debug|Any CPU
		{3E1E9A8E-F52C-455D-875F-7578423E5584}.Debug|Any CPU.Build.0 = Debug|Any CPU
		{3E1E9A8E-F52C-455D-875F-7578423E5584}.Release|Any CPU.ActiveCfg = Release|Any CPU
		{3E1E9A8E-F52C-455D-875F-7578423E5584}.Release|Any CPU.Build.0 = Release|Any CPU
		{1608496E-2E51-4231-B1D6-A0B4C1DBF5C3}.Debug|Any CPU.ActiveCfg = Debug|Any CPU
		{1608496E-2E51-4231-B1D6-A0B4C1DBF5C3}.Debug|Any CPU.Build.0 = Debug|Any CPU
		{1608496E-2E51-4231-B1D6-A0B4C1DBF5C3}.Release|Any CPU.ActiveCfg = Release|Any CPU
		{1608496E-2E51-4231-B1D6-A0B4C1DBF5C3}.Release|Any CPU.Build.0 = Release|Any CPU
		{15F06323-E2F4-4441-8B24-E35D6EFCF0FE}.Debug|Any CPU.ActiveCfg = Debug|Any CPU
		{15F06323-E2F4-4441-8B24-E35D6EFCF0FE}.Debug|Any CPU.Build.0 = Debug|Any CPU
		{15F06323-E2F4-4441-8B24-E35D6EFCF0FE}.Release|Any CPU.ActiveCfg = Release|Any CPU
		{15F06323-E2F4-4441-8B24-E35D6EFCF0FE}.Release|Any CPU.Build.0 = Release|Any CPU
		{82578008-471F-45C6-BC44-2E8C0BD82CEB}.Debug|Any CPU.ActiveCfg = Debug|Any CPU
		{82578008-471F-45C6-BC44-2E8C0BD82CEB}.Debug|Any CPU.Build.0 = Debug|Any CPU
		{82578008-471F-45C6-BC44-2E8C0BD82CEB}.Release|Any CPU.ActiveCfg = Release|Any CPU
		{82578008-471F-45C6-BC44-2E8C0BD82CEB}.Release|Any CPU.Build.0 = Release|Any CPU
		{D84D21E5-079F-4209-BB73-BE9F31EEBD2B}.Debug|Any CPU.ActiveCfg = Debug|Any CPU
		{D84D21E5-079F-4209-BB73-BE9F31EEBD2B}.Debug|Any CPU.Build.0 = Debug|Any CPU
		{D84D21E5-079F-4209-BB73-BE9F31EEBD2B}.Release|Any CPU.ActiveCfg = Release|Any CPU
		{D84D21E5-079F-4209-BB73-BE9F31EEBD2B}.Release|Any CPU.Build.0 = Release|Any CPU
		{F65EF4D2-8838-4120-B2F1-891F6F014B08}.Debug|Any CPU.ActiveCfg = Debug|Any CPU
		{F65EF4D2-8838-4120-B2F1-891F6F014B08}.Debug|Any CPU.Build.0 = Debug|Any CPU
		{F65EF4D2-8838-4120-B2F1-891F6F014B08}.Release|Any CPU.ActiveCfg = Release|Any CPU
		{F65EF4D2-8838-4120-B2F1-891F6F014B08}.Release|Any CPU.Build.0 = Release|Any CPU
		{D8FF26E9-D3F5-4883-AD08-9F912ED9CC4B}.Debug|Any CPU.ActiveCfg = Debug|Any CPU
		{D8FF26E9-D3F5-4883-AD08-9F912ED9CC4B}.Debug|Any CPU.Build.0 = Debug|Any CPU
		{D8FF26E9-D3F5-4883-AD08-9F912ED9CC4B}.Release|Any CPU.ActiveCfg = Release|Any CPU
		{D8FF26E9-D3F5-4883-AD08-9F912ED9CC4B}.Release|Any CPU.Build.0 = Release|Any CPU
		{E88C6148-72CF-4E1E-8487-5A1B1E505847}.Debug|Any CPU.ActiveCfg = Debug|Any CPU
		{E88C6148-72CF-4E1E-8487-5A1B1E505847}.Debug|Any CPU.Build.0 = Debug|Any CPU
		{E88C6148-72CF-4E1E-8487-5A1B1E505847}.Release|Any CPU.ActiveCfg = Release|Any CPU
		{E88C6148-72CF-4E1E-8487-5A1B1E505847}.Release|Any CPU.Build.0 = Release|Any CPU
		{4FAA30BF-0616-495A-8BF5-084537038C81}.Debug|Any CPU.ActiveCfg = Debug|Any CPU
		{4FAA30BF-0616-495A-8BF5-084537038C81}.Debug|Any CPU.Build.0 = Debug|Any CPU
		{4FAA30BF-0616-495A-8BF5-084537038C81}.Release|Any CPU.ActiveCfg = Release|Any CPU
		{4FAA30BF-0616-495A-8BF5-084537038C81}.Release|Any CPU.Build.0 = Release|Any CPU
		{615AED47-39B0-4CC3-B2CD-C3B844B486A3}.Debug|Any CPU.ActiveCfg = Debug|Any CPU
		{615AED47-39B0-4CC3-B2CD-C3B844B486A3}.Debug|Any CPU.Build.0 = Debug|Any CPU
		{615AED47-39B0-4CC3-B2CD-C3B844B486A3}.Release|Any CPU.ActiveCfg = Release|Any CPU
		{615AED47-39B0-4CC3-B2CD-C3B844B486A3}.Release|Any CPU.Build.0 = Release|Any CPU
		{A780DFE7-AF13-42D6-AF5B-B99DFC911096}.Debug|Any CPU.ActiveCfg = Debug|Any CPU
		{A780DFE7-AF13-42D6-AF5B-B99DFC911096}.Debug|Any CPU.Build.0 = Debug|Any CPU
		{A780DFE7-AF13-42D6-AF5B-B99DFC911096}.Release|Any CPU.ActiveCfg = Release|Any CPU
		{A780DFE7-AF13-42D6-AF5B-B99DFC911096}.Release|Any CPU.Build.0 = Release|Any CPU
		{03EF7A64-DAF5-4540-AB10-3280FF800C14}.Debug|Any CPU.ActiveCfg = Debug|Any CPU
		{03EF7A64-DAF5-4540-AB10-3280FF800C14}.Debug|Any CPU.Build.0 = Debug|Any CPU
		{03EF7A64-DAF5-4540-AB10-3280FF800C14}.Release|Any CPU.ActiveCfg = Release|Any CPU
		{03EF7A64-DAF5-4540-AB10-3280FF800C14}.Release|Any CPU.Build.0 = Release|Any CPU
		{58AE8312-4947-4FEF-B378-A4CBA7270DDC}.Debug|Any CPU.ActiveCfg = Debug|Any CPU
		{58AE8312-4947-4FEF-B378-A4CBA7270DDC}.Debug|Any CPU.Build.0 = Debug|Any CPU
		{58AE8312-4947-4FEF-B378-A4CBA7270DDC}.Release|Any CPU.ActiveCfg = Release|Any CPU
		{58AE8312-4947-4FEF-B378-A4CBA7270DDC}.Release|Any CPU.Build.0 = Release|Any CPU
		{877BC98A-0DF0-460D-8820-F9AF99B707F0}.Debug|Any CPU.ActiveCfg = Debug|Any CPU
		{877BC98A-0DF0-460D-8820-F9AF99B707F0}.Debug|Any CPU.Build.0 = Debug|Any CPU
		{877BC98A-0DF0-460D-8820-F9AF99B707F0}.Release|Any CPU.ActiveCfg = Release|Any CPU
		{877BC98A-0DF0-460D-8820-F9AF99B707F0}.Release|Any CPU.Build.0 = Release|Any CPU
		{143CFCF9-F185-4F56-B641-0686D3E5603E}.Debug|Any CPU.ActiveCfg = Debug|Any CPU
		{143CFCF9-F185-4F56-B641-0686D3E5603E}.Debug|Any CPU.Build.0 = Debug|Any CPU
		{143CFCF9-F185-4F56-B641-0686D3E5603E}.Release|Any CPU.ActiveCfg = Release|Any CPU
		{143CFCF9-F185-4F56-B641-0686D3E5603E}.Release|Any CPU.Build.0 = Release|Any CPU
	EndGlobalSection
	GlobalSection(SolutionProperties) = preSolution
		HideSolutionNode = FALSE
	EndGlobalSection
	GlobalSection(NestedProjects) = preSolution
		{A884E749-202C-4380-B4B2-8CA2A36331ED} = {833B75D7-EC7D-4F71-8394-DD27F823E6A8}
		{0575D072-52E5-47E5-96B6-4DB2E69EFBE4} = {833B75D7-EC7D-4F71-8394-DD27F823E6A8}
		{63BBE518-09CD-4C05-B633-353BCE2B9C6F} = {833B75D7-EC7D-4F71-8394-DD27F823E6A8}
		{7733F33D-7843-48CB-938A-B0175B416522} = {E9C974FC-A19E-47A0-AC33-2E2BE843A2B5}
		{AD98BF77-26F3-4652-99D1-A41C6B31C6F4} = {E9C974FC-A19E-47A0-AC33-2E2BE843A2B5}
		{53D18D24-5633-4108-BC7F-DDA9803FE4CF} = {E9C974FC-A19E-47A0-AC33-2E2BE843A2B5}
		{6130E378-7299-4CE3-89EA-0F74AA0C4920} = {EF22EA6A-30E6-41E3-9F2F-4A85F3430995}
		{BEBE231F-F517-4C9E-B9F0-512F4C794D0F} = {EF22EA6A-30E6-41E3-9F2F-4A85F3430995}
		{4FC841B7-B92C-4B6E-A1C8-60560F3169CC} = {EF22EA6A-30E6-41E3-9F2F-4A85F3430995}
		{A441486B-C3E4-4411-8FBA-AE29E33AB6E8} = {A884E749-202C-4380-B4B2-8CA2A36331ED}
		{2A4DFAA2-91CC-4CEE-B21C-1CB622627CC0} = {A884E749-202C-4380-B4B2-8CA2A36331ED}
		{3E1E9A8E-F52C-455D-875F-7578423E5584} = {0575D072-52E5-47E5-96B6-4DB2E69EFBE4}
		{1608496E-2E51-4231-B1D6-A0B4C1DBF5C3} = {63BBE518-09CD-4C05-B633-353BCE2B9C6F}
		{15F06323-E2F4-4441-8B24-E35D6EFCF0FE} = {63BBE518-09CD-4C05-B633-353BCE2B9C6F}
		{82578008-471F-45C6-BC44-2E8C0BD82CEB} = {7733F33D-7843-48CB-938A-B0175B416522}
		{D84D21E5-079F-4209-BB73-BE9F31EEBD2B} = {7733F33D-7843-48CB-938A-B0175B416522}
		{F65EF4D2-8838-4120-B2F1-891F6F014B08} = {AD98BF77-26F3-4652-99D1-A41C6B31C6F4}
		{D8FF26E9-D3F5-4883-AD08-9F912ED9CC4B} = {53D18D24-5633-4108-BC7F-DDA9803FE4CF}
		{E88C6148-72CF-4E1E-8487-5A1B1E505847} = {53D18D24-5633-4108-BC7F-DDA9803FE4CF}
		{4FAA30BF-0616-495A-8BF5-084537038C81} = {6130E378-7299-4CE3-89EA-0F74AA0C4920}
		{615AED47-39B0-4CC3-B2CD-C3B844B486A3} = {6130E378-7299-4CE3-89EA-0F74AA0C4920}
		{A780DFE7-AF13-42D6-AF5B-B99DFC911096} = {BEBE231F-F517-4C9E-B9F0-512F4C794D0F}
		{03EF7A64-DAF5-4540-AB10-3280FF800C14} = {4FC841B7-B92C-4B6E-A1C8-60560F3169CC}
		{58AE8312-4947-4FEF-B378-A4CBA7270DDC} = {4FC841B7-B92C-4B6E-A1C8-60560F3169CC}
	EndGlobalSection
	GlobalSection(ExtensibilityGlobals) = postSolution
		SolutionGuid = {AACF07FD-E650-412F-9247-431A42D633DB}
	EndGlobalSection
EndGlobal
